
Microsoft Visual Studio Solution File, Format Version 12.00
# Visual Studio Version 16
VisualStudioVersion = 16.0.29102.190
MinimumVisualStudioVersion = 10.0.40219.1
Project("{FAE04EC0-301F-11D3-BF4B-00C04F79EFBC}") = "Tarea1.2", "Tarea1.2\Tarea1.2.csproj", "{CB938696-B195-40E8-A4C4-F0A2FD33CCDA}"
EndProject
Global
	GlobalSection(SolutionConfigurationPlatforms) = preSolution
		Debug|Any CPU = Debug|Any CPU
		Release|Any CPU = Release|Any CPU
	EndGlobalSection
	GlobalSection(ProjectConfigurationPlatforms) = postSolution
		{CB938696-B195-40E8-A4C4-F0A2FD33CCDA}.Debug|Any CPU.ActiveCfg = Debug|Any CPU
		{CB938696-B195-40E8-A4C4-F0A2FD33CCDA}.Debug|Any CPU.Build.0 = Debug|Any CPU
		{CB938696-B195-40E8-A4C4-F0A2FD33CCDA}.Release|Any CPU.ActiveCfg = Release|Any CPU
		{CB938696-B195-40E8-A4C4-F0A2FD33CCDA}.Release|Any CPU.Build.0 = Release|Any CPU
	EndGlobalSection
	GlobalSection(SolutionProperties) = preSolution
		HideSolutionNode = FALSE
	EndGlobalSection
	GlobalSection(ExtensibilityGlobals) = postSolution
		SolutionGuid = {E9CF06D4-AC25-4BC5-9FDA-CA71131121E9}
	EndGlobalSection
EndGlobal
